
Microsoft Visual Studio Solution File, Format Version 12.00
# Visual Studio 14
VisualStudioVersion = 14.0.25420.1
MinimumVisualStudioVersion = 10.0.40219.1
Project("{2150E333-8FDC-42A3-9474-1A3956D46DE8}") = "ServiceBus", "ServiceBus", "{2ECF5166-5239-4CD1-9A65-7D607028EAA2}"
EndProject
Project("{2150E333-8FDC-42A3-9474-1A3956D46DE8}") = "ConfigReader", "ConfigReader", "{6E5F9CF5-4556-4F62-951D-35B58B4DF121}"
EndProject
Project("{FAE04EC0-301F-11D3-BF4B-00C04F79EFBC}") = "SpringIt.ServiceBus", "ServiceBus\SpringIt.ServiceBus\SpringIt.ServiceBus.csproj", "{1AADC2A8-E359-43E7-B5EA-454F3672B02A}"
EndProject
Project("{FAE04EC0-301F-11D3-BF4B-00C04F79EFBC}") = "SpringIt.ServiceBus.Common", "ServiceBus\SpringIt.ServiceBus.Common\SpringIt.ServiceBus.Common.csproj", "{DB588BB9-9620-449A-B9CE-45316640EDDB}"
EndProject
Project("{FAE04EC0-301F-11D3-BF4B-00C04F79EFBC}") = "SpringIt.ConfigReader", "ConfigReader\SpringIt.ConfigReader\SpringIt.ConfigReader.csproj", "{2907E3DF-5E79-4D07-A06A-BB9F221674BA}"
EndProject
Project("{FAE04EC0-301F-11D3-BF4B-00C04F79EFBC}") = "SpringIt.ServiceBus.SimpleInjector", "ServiceBus\SpringIt.ServiceBus.SimpleInjector\SpringIt.ServiceBus.SimpleInjector.csproj", "{F4F7AEC5-9D5B-4443-ABF5-3D132BF10CDE}"
EndProject
Project("{FAE04EC0-301F-11D3-BF4B-00C04F79EFBC}") = "SpringIt.ServiceBus.Autofac", "ServiceBus\SpringIt.ServiceBus.Autofac\SpringIt.ServiceBus.Autofac.csproj", "{23C90147-BB80-4528-B255-A771DBCF8A68}"
EndProject
Global
	GlobalSection(SolutionConfigurationPlatforms) = preSolution
		Debug|Any CPU = Debug|Any CPU
		Release|Any CPU = Release|Any CPU
	EndGlobalSection
	GlobalSection(ProjectConfigurationPlatforms) = postSolution
		{1AADC2A8-E359-43E7-B5EA-454F3672B02A}.Debug|Any CPU.ActiveCfg = Debug|Any CPU
		{1AADC2A8-E359-43E7-B5EA-454F3672B02A}.Debug|Any CPU.Build.0 = Debug|Any CPU
		{1AADC2A8-E359-43E7-B5EA-454F3672B02A}.Release|Any CPU.ActiveCfg = Release|Any CPU
		{1AADC2A8-E359-43E7-B5EA-454F3672B02A}.Release|Any CPU.Build.0 = Release|Any CPU
		{DB588BB9-9620-449A-B9CE-45316640EDDB}.Debug|Any CPU.ActiveCfg = Debug|Any CPU
		{DB588BB9-9620-449A-B9CE-45316640EDDB}.Debug|Any CPU.Build.0 = Debug|Any CPU
		{DB588BB9-9620-449A-B9CE-45316640EDDB}.Release|Any CPU.ActiveCfg = Release|Any CPU
		{DB588BB9-9620-449A-B9CE-45316640EDDB}.Release|Any CPU.Build.0 = Release|Any CPU
		{2907E3DF-5E79-4D07-A06A-BB9F221674BA}.Debug|Any CPU.ActiveCfg = Debug|Any CPU
		{2907E3DF-5E79-4D07-A06A-BB9F221674BA}.Debug|Any CPU.Build.0 = Debug|Any CPU
		{2907E3DF-5E79-4D07-A06A-BB9F221674BA}.Release|Any CPU.ActiveCfg = Release|Any CPU
		{2907E3DF-5E79-4D07-A06A-BB9F221674BA}.Release|Any CPU.Build.0 = Release|Any CPU
		{F4F7AEC5-9D5B-4443-ABF5-3D132BF10CDE}.Debug|Any CPU.ActiveCfg = Debug|Any CPU
		{F4F7AEC5-9D5B-4443-ABF5-3D132BF10CDE}.Debug|Any CPU.Build.0 = Debug|Any CPU
		{F4F7AEC5-9D5B-4443-ABF5-3D132BF10CDE}.Release|Any CPU.ActiveCfg = Release|Any CPU
		{F4F7AEC5-9D5B-4443-ABF5-3D132BF10CDE}.Release|Any CPU.Build.0 = Release|Any CPU
		{23C90147-BB80-4528-B255-A771DBCF8A68}.Debug|Any CPU.ActiveCfg = Debug|Any CPU
		{23C90147-BB80-4528-B255-A771DBCF8A68}.Debug|Any CPU.Build.0 = Debug|Any CPU
		{23C90147-BB80-4528-B255-A771DBCF8A68}.Release|Any CPU.ActiveCfg = Release|Any CPU
		{23C90147-BB80-4528-B255-A771DBCF8A68}.Release|Any CPU.Build.0 = Release|Any CPU
	EndGlobalSection
	GlobalSection(SolutionProperties) = preSolution
		HideSolutionNode = FALSE
	EndGlobalSection
	GlobalSection(NestedProjects) = preSolution
		{1AADC2A8-E359-43E7-B5EA-454F3672B02A} = {2ECF5166-5239-4CD1-9A65-7D607028EAA2}
		{DB588BB9-9620-449A-B9CE-45316640EDDB} = {2ECF5166-5239-4CD1-9A65-7D607028EAA2}
		{2907E3DF-5E79-4D07-A06A-BB9F221674BA} = {6E5F9CF5-4556-4F62-951D-35B58B4DF121}
		{F4F7AEC5-9D5B-4443-ABF5-3D132BF10CDE} = {2ECF5166-5239-4CD1-9A65-7D607028EAA2}
		{23C90147-BB80-4528-B255-A771DBCF8A68} = {2ECF5166-5239-4CD1-9A65-7D607028EAA2}
	EndGlobalSection
EndGlobal
